
Microsoft Visual Studio Solution File, Format Version 12.00
# Visual Studio Version 17
VisualStudioVersion = 17.9.34607.119
MinimumVisualStudioVersion = 10.0.40219.1
Project("{FAE04EC0-301F-11D3-BF4B-00C04F79EFBC}") = "AirbyteSchemaGeneratorWPF", "AirbyteSchemaGeneratorWPF.csproj", "{7A536117-AF41-44BC-94F0-331E9426B426}"
EndProject
Global
	GlobalSection(SolutionConfigurationPlatforms) = preSolution
		Debug|Any CPU = Debug|Any CPU
		Release|Any CPU = Release|Any CPU
	EndGlobalSection
	GlobalSection(ProjectConfigurationPlatforms) = postSolution
		{7A536117-AF41-44BC-94F0-331E9426B426}.Debug|Any CPU.ActiveCfg = Debug|Any CPU
		{7A536117-AF41-44BC-94F0-331E9426B426}.Debug|Any CPU.Build.0 = Debug|Any CPU
		{7A536117-AF41-44BC-94F0-331E9426B426}.Release|Any CPU.ActiveCfg = Release|Any CPU
		{7A536117-AF41-44BC-94F0-331E9426B426}.Release|Any CPU.Build.0 = Release|Any CPU
	EndGlobalSection
	GlobalSection(SolutionProperties) = preSolution
		HideSolutionNode = FALSE
	EndGlobalSection
	GlobalSection(ExtensibilityGlobals) = postSolution
		SolutionGuid = {D8177C98-7E3B-465D-9CE1-2CC97553BF42}
	EndGlobalSection
EndGlobal
